// !$*UTF8*$!
{
	archiveVersion = 1;
	classes = {
	};
	objectVersion = 56;
	objects = {

/* Begin PBXBuildFile section */
		07A288702AC56912006B8E71 /* SoundSelectionViewController.swift in Sources */ = {isa = PBXBuildFile; fileRef = 07A2886F2AC56912006B8E71 /* SoundSelectionViewController.swift */; };
		07A288722AC5D593006B8E71 /* DualLabelButton.swift in Sources */ = {isa = PBXBuildFile; fileRef = 07A288712AC5D593006B8E71 /* DualLabelButton.swift */; };
		07A288772AC9FD6A006B8E71 /* AudioToolbox.framework in Frameworks */ = {isa = PBXBuildFile; fileRef = 07A288762AC9FD6A006B8E71 /* AudioToolbox.framework */; };
		07A288792AC9FF68006B8E71 /* AVFAudio.framework in Frameworks */ = {isa = PBXBuildFile; fileRef = 07A288782AC9FF68006B8E71 /* AVFAudio.framework */; };
		07A2887E2ACD0BB4006B8E71 /* 전파탐지기.mp3 in Resources */ = {isa = PBXBuildFile; fileRef = 07A2887C2ACD0BB4006B8E71 /* 전파탐지기.mp3 */; };
		07A2887F2ACD0BB4006B8E71 /* Contents.json in Resources */ = {isa = PBXBuildFile; fileRef = 07A2887D2ACD0BB4006B8E71 /* Contents.json */; };
		07A288822ACD1989006B8E71 /* 도입음.mp3 in Resources */ = {isa = PBXBuildFile; fileRef = 07A288812ACD1989006B8E71 /* 도입음.mp3 */; };
		07A288842ACD1A82006B8E71 /* 프레스토.mp3 in Resources */ = {isa = PBXBuildFile; fileRef = 07A288832ACD1A82006B8E71 /* 프레스토.mp3 */; };
		07BAEBF42AC17F3B00FA420B /* TimerView.swift in Sources */ = {isa = PBXBuildFile; fileRef = 07BAEBF02AC17D1E00FA420B /* TimerView.swift */; };
		D679F80C2AC11D380040E51B /* AppDelegate.swift in Sources */ = {isa = PBXBuildFile; fileRef = D679F80B2AC11D380040E51B /* AppDelegate.swift */; };
		D679F80E2AC11D380040E51B /* SceneDelegate.swift in Sources */ = {isa = PBXBuildFile; fileRef = D679F80D2AC11D380040E51B /* SceneDelegate.swift */; };
		D679F8152AC11D3A0040E51B /* Assets.xcassets in Resources */ = {isa = PBXBuildFile; fileRef = D679F8142AC11D3A0040E51B /* Assets.xcassets */; };
		D679F8182AC11D3A0040E51B /* LaunchScreen.storyboard in Resources */ = {isa = PBXBuildFile; fileRef = D679F8162AC11D3A0040E51B /* LaunchScreen.storyboard */; };
		D6AF47A82AC120B800E5C813 /* AlarmViewController.swift in Sources */ = {isa = PBXBuildFile; fileRef = D6AF47A72AC120B800E5C813 /* AlarmViewController.swift */; };
		D6AF47AC2AC120D700E5C813 /* TimerViewController.swift in Sources */ = {isa = PBXBuildFile; fileRef = D6AF47AB2AC120D700E5C813 /* TimerViewController.swift */; };
		D6AF47AF2AC120FB00E5C813 /* StopWatchViewController.swift in Sources */ = {isa = PBXBuildFile; fileRef = D6AF47AE2AC120FB00E5C813 /* StopWatchViewController.swift */; };
		D6AF47B22AC1211A00E5C813 /* WorldClockViewController.swift in Sources */ = {isa = PBXBuildFile; fileRef = D6AF47B12AC1211A00E5C813 /* WorldClockViewController.swift */; };
		D6AF47B82AC122F400E5C813 /* CustomTabBarController.swift in Sources */ = {isa = PBXBuildFile; fileRef = D6AF47B72AC122F400E5C813 /* CustomTabBarController.swift */; };
		F174F45E2AC131A7009AAAB7 /* Timer.swift in Sources */ = {isa = PBXBuildFile; fileRef = F174F45D2AC131A7009AAAB7 /* Timer.swift */; };
		F174F4602AC131B9009AAAB7 /* StopWatch.swift in Sources */ = {isa = PBXBuildFile; fileRef = F174F45F2AC131B9009AAAB7 /* StopWatch.swift */; };
		F174F4622AC131D6009AAAB7 /* Alarm.swift in Sources */ = {isa = PBXBuildFile; fileRef = F174F4612AC131D6009AAAB7 /* Alarm.swift */; };
		F174F4642AC131E7009AAAB7 /* WorldClock.swift in Sources */ = {isa = PBXBuildFile; fileRef = F174F4632AC131E7009AAAB7 /* WorldClock.swift */; };
/* End PBXBuildFile section */

/* Begin PBXFileReference section */
		07A2886F2AC56912006B8E71 /* SoundSelectionViewController.swift */ = {isa = PBXFileReference; lastKnownFileType = sourcecode.swift; path = SoundSelectionViewController.swift; sourceTree = "<group>"; };
		07A288712AC5D593006B8E71 /* DualLabelButton.swift */ = {isa = PBXFileReference; lastKnownFileType = sourcecode.swift; name = DualLabelButton.swift; path = Timer/DualLabelButton.swift; sourceTree = SOURCE_ROOT; };
		07A288762AC9FD6A006B8E71 /* AudioToolbox.framework */ = {isa = PBXFileReference; lastKnownFileType = wrapper.framework; name = AudioToolbox.framework; path = System/Library/Frameworks/AudioToolbox.framework; sourceTree = SDKROOT; };
		07A288782AC9FF68006B8E71 /* AVFAudio.framework */ = {isa = PBXFileReference; lastKnownFileType = wrapper.framework; name = AVFAudio.framework; path = System/Library/Frameworks/AVFAudio.framework; sourceTree = SDKROOT; };
		07A2887C2ACD0BB4006B8E71 /* 전파탐지기.mp3 */ = {isa = PBXFileReference; lastKnownFileType = audio.mp3; path = "전파탐지기.mp3"; sourceTree = "<group>"; };
		07A2887D2ACD0BB4006B8E71 /* Contents.json */ = {isa = PBXFileReference; fileEncoding = 4; lastKnownFileType = text.json; path = Contents.json; sourceTree = "<group>"; };
		07A288812ACD1989006B8E71 /* 도입음.mp3 */ = {isa = PBXFileReference; lastKnownFileType = audio.mp3; path = "도입음.mp3"; sourceTree = "<group>"; };
		07A288832ACD1A82006B8E71 /* 프레스토.mp3 */ = {isa = PBXFileReference; lastKnownFileType = audio.mp3; path = "프레스토.mp3"; sourceTree = "<group>"; };
		07BAEBF02AC17D1E00FA420B /* TimerView.swift */ = {isa = PBXFileReference; lastKnownFileType = sourcecode.swift; name = TimerView.swift; path = Timer/TimerView.swift; sourceTree = SOURCE_ROOT; };
		D679F8082AC11D380040E51B /* Alarm_App.app */ = {isa = PBXFileReference; explicitFileType = wrapper.application; includeInIndex = 0; path = Alarm_App.app; sourceTree = BUILT_PRODUCTS_DIR; };
		D679F80B2AC11D380040E51B /* AppDelegate.swift */ = {isa = PBXFileReference; lastKnownFileType = sourcecode.swift; path = AppDelegate.swift; sourceTree = "<group>"; };
		D679F80D2AC11D380040E51B /* SceneDelegate.swift */ = {isa = PBXFileReference; lastKnownFileType = sourcecode.swift; path = SceneDelegate.swift; sourceTree = "<group>"; };
		D679F8142AC11D3A0040E51B /* Assets.xcassets */ = {isa = PBXFileReference; lastKnownFileType = folder.assetcatalog; path = Assets.xcassets; sourceTree = "<group>"; };
		D679F8172AC11D3A0040E51B /* Base */ = {isa = PBXFileReference; lastKnownFileType = file.storyboard; name = Base; path = Base.lproj/LaunchScreen.storyboard; sourceTree = "<group>"; };
		D679F8192AC11D3A0040E51B /* Info.plist */ = {isa = PBXFileReference; lastKnownFileType = text.plist.xml; path = Info.plist; sourceTree = "<group>"; };
		D6AF47A72AC120B800E5C813 /* AlarmViewController.swift */ = {isa = PBXFileReference; lastKnownFileType = sourcecode.swift; path = AlarmViewController.swift; sourceTree = "<group>"; };
		D6AF47AB2AC120D700E5C813 /* TimerViewController.swift */ = {isa = PBXFileReference; lastKnownFileType = sourcecode.swift; path = TimerViewController.swift; sourceTree = "<group>"; };
		D6AF47AE2AC120FB00E5C813 /* StopWatchViewController.swift */ = {isa = PBXFileReference; lastKnownFileType = sourcecode.swift; path = StopWatchViewController.swift; sourceTree = "<group>"; };
		D6AF47B12AC1211A00E5C813 /* WorldClockViewController.swift */ = {isa = PBXFileReference; lastKnownFileType = sourcecode.swift; path = WorldClockViewController.swift; sourceTree = "<group>"; };
		D6AF47B72AC122F400E5C813 /* CustomTabBarController.swift */ = {isa = PBXFileReference; lastKnownFileType = sourcecode.swift; path = CustomTabBarController.swift; sourceTree = "<group>"; };
		F174F45D2AC131A7009AAAB7 /* Timer.swift */ = {isa = PBXFileReference; lastKnownFileType = sourcecode.swift; name = Timer.swift; path = Alarm_App/Models/Timer.swift; sourceTree = SOURCE_ROOT; };
		F174F45F2AC131B9009AAAB7 /* StopWatch.swift */ = {isa = PBXFileReference; lastKnownFileType = sourcecode.swift; name = StopWatch.swift; path = Alarm_App/Models/StopWatch.swift; sourceTree = SOURCE_ROOT; };
		F174F4612AC131D6009AAAB7 /* Alarm.swift */ = {isa = PBXFileReference; lastKnownFileType = sourcecode.swift; name = Alarm.swift; path = Alarm_App/Models/Alarm.swift; sourceTree = SOURCE_ROOT; };
		F174F4632AC131E7009AAAB7 /* WorldClock.swift */ = {isa = PBXFileReference; lastKnownFileType = sourcecode.swift; name = WorldClock.swift; path = Alarm_App/Models/WorldClock.swift; sourceTree = SOURCE_ROOT; };
/* End PBXFileReference section */

/* Begin PBXFrameworksBuildPhase section */
		D679F8052AC11D380040E51B /* Frameworks */ = {
			isa = PBXFrameworksBuildPhase;
			buildActionMask = 2147483647;
			files = (
				07A288792AC9FF68006B8E71 /* AVFAudio.framework in Frameworks */,
				07A288772AC9FD6A006B8E71 /* AudioToolbox.framework in Frameworks */,
			);
			runOnlyForDeploymentPostprocessing = 0;
		};
/* End PBXFrameworksBuildPhase section */

/* Begin PBXGroup section */
		07A288752AC9FD6A006B8E71 /* Frameworks */ = {
			isa = PBXGroup;
			children = (
				07A288782AC9FF68006B8E71 /* AVFAudio.framework */,
				07A288762AC9FD6A006B8E71 /* AudioToolbox.framework */,
			);
			name = Frameworks;
			sourceTree = "<group>";
		};
		07A2887A2ACD0B08006B8E71 /* Sounds */ = {
			isa = PBXGroup;
			children = (
				07A288832ACD1A82006B8E71 /* 프레스토.mp3 */,
				07A288802ACD1966006B8E71 /* 도입음.dataset */,
				07A2887B2ACD0BB4006B8E71 /* 전파탐지기.dataset */,
			);
			path = Sounds;
			sourceTree = "<group>";
		};
		07A2887B2ACD0BB4006B8E71 /* 전파탐지기.dataset */ = {
			isa = PBXGroup;
			children = (
				07A2887C2ACD0BB4006B8E71 /* 전파탐지기.mp3 */,
				07A2887D2ACD0BB4006B8E71 /* Contents.json */,
			);
			path = "전파탐지기.dataset";
			sourceTree = "<group>";
		};
		07A288802ACD1966006B8E71 /* 도입음.dataset */ = {
			isa = PBXGroup;
			children = (
				07A288812ACD1989006B8E71 /* 도입음.mp3 */,
			);
			name = "도입음.dataset";
			path = "도입음.dataset";
			sourceTree = "<group>";
		};
		D679F7FF2AC11D380040E51B = {
			isa = PBXGroup;
			children = (
				D679F80A2AC11D380040E51B /* Alarm_App */,
				D679F8092AC11D380040E51B /* Products */,
				07A288752AC9FD6A006B8E71 /* Frameworks */,
			);
			sourceTree = "<group>";
		};
		D679F8092AC11D380040E51B /* Products */ = {
			isa = PBXGroup;
			children = (
				D679F8082AC11D380040E51B /* Alarm_App.app */,
			);
			name = Products;
			sourceTree = "<group>";
		};
		D679F80A2AC11D380040E51B /* Alarm_App */ = {
			isa = PBXGroup;
			children = (
				07A2887A2ACD0B08006B8E71 /* Sounds */,
				F174F4652AC1333B009AAAB7 /* Models */,
				D679F80B2AC11D380040E51B /* AppDelegate.swift */,
				D679F80D2AC11D380040E51B /* SceneDelegate.swift */,
				D6AF47B72AC122F400E5C813 /* CustomTabBarController.swift */,
				D6AF47A42AC1204700E5C813 /* Controlles */,
				D6AF47A32AC1204300E5C813 /* View */,
				D679F8162AC11D3A0040E51B /* LaunchScreen.storyboard */,
				D679F8192AC11D3A0040E51B /* Info.plist */,
			);
			path = Alarm_App;
			sourceTree = "<group>";
		};
		D6AF47A32AC1204300E5C813 /* View */ = {
			isa = PBXGroup;
			children = (
				D6AF47B62AC1214A00E5C813 /* WroldClock */,
				D6AF47B52AC1212E00E5C813 /* StopWatch */,
				D6AF47B42AC1212800E5C813 /* Timer */,
				D6AF47B32AC1212100E5C813 /* Alarm */,
			);
			path = View;
			sourceTree = "<group>";
		};
		D6AF47A42AC1204700E5C813 /* Controlles */ = {
			isa = PBXGroup;
			children = (
				D6AF47B02AC1210500E5C813 /* WroldClock */,
				D6AF47AD2AC120DA00E5C813 /* StopWatch */,
				D6AF47AA2AC120C800E5C813 /* Timer */,
				D6AF47A92AC120C100E5C813 /* Alarm */,
			);
			path = Controlles;
			sourceTree = "<group>";
		};
		D6AF47A92AC120C100E5C813 /* Alarm */ = {
			isa = PBXGroup;
			children = (
				D6AF47A72AC120B800E5C813 /* AlarmViewController.swift */,
			);
			path = Alarm;
			sourceTree = "<group>";
		};
		D6AF47AA2AC120C800E5C813 /* Timer */ = {
			isa = PBXGroup;
			children = (
				D6AF47AB2AC120D700E5C813 /* TimerViewController.swift */,
				D679F8142AC11D3A0040E51B /* Assets.xcassets */,
				07A2886F2AC56912006B8E71 /* SoundSelectionViewController.swift */,
			);
			path = Timer;
			sourceTree = "<group>";
		};
		D6AF47AD2AC120DA00E5C813 /* StopWatch */ = {
			isa = PBXGroup;
			children = (
				D6AF47AE2AC120FB00E5C813 /* StopWatchViewController.swift */,
			);
			path = StopWatch;
			sourceTree = "<group>";
		};
		D6AF47B02AC1210500E5C813 /* WroldClock */ = {
			isa = PBXGroup;
			children = (
				D6AF47B12AC1211A00E5C813 /* WorldClockViewController.swift */,
			);
			path = WroldClock;
			sourceTree = "<group>";
		};
		D6AF47B32AC1212100E5C813 /* Alarm */ = {
			isa = PBXGroup;
			children = (
			);
			path = Alarm;
			sourceTree = "<group>";
		};
		D6AF47B42AC1212800E5C813 /* Timer */ = {
			isa = PBXGroup;
			children = (
				07BAEBF02AC17D1E00FA420B /* TimerView.swift */,
				07A288712AC5D593006B8E71 /* DualLabelButton.swift */,
			);
			path = Timer;
			sourceTree = "<group>";
		};
		D6AF47B52AC1212E00E5C813 /* StopWatch */ = {
			isa = PBXGroup;
			children = (
			);
			path = StopWatch;
			sourceTree = "<group>";
		};
		D6AF47B62AC1214A00E5C813 /* WroldClock */ = {
			isa = PBXGroup;
			children = (
			);
			path = WroldClock;
			sourceTree = "<group>";
		};
		F174F4652AC1333B009AAAB7 /* Models */ = {
			isa = PBXGroup;
			children = (
				F174F45D2AC131A7009AAAB7 /* Timer.swift */,
				F174F45F2AC131B9009AAAB7 /* StopWatch.swift */,
				F174F4612AC131D6009AAAB7 /* Alarm.swift */,
				F174F4632AC131E7009AAAB7 /* WorldClock.swift */,
			);
			path = Models;
			sourceTree = "<group>";
		};
/* End PBXGroup section */

/* Begin PBXNativeTarget section */
		D679F8072AC11D380040E51B /* Alarm_App */ = {
			isa = PBXNativeTarget;
			buildConfigurationList = D679F81C2AC11D3A0040E51B /* Build configuration list for PBXNativeTarget "Alarm_App" */;
			buildPhases = (
				D679F8042AC11D380040E51B /* Sources */,
				D679F8052AC11D380040E51B /* Frameworks */,
				D679F8062AC11D380040E51B /* Resources */,
			);
			buildRules = (
			);
			dependencies = (
			);
			name = Alarm_App;
			productName = Alarm_App;
			productReference = D679F8082AC11D380040E51B /* Alarm_App.app */;
			productType = "com.apple.product-type.application";
		};
/* End PBXNativeTarget section */

/* Begin PBXProject section */
		D679F8002AC11D380040E51B /* Project object */ = {
			isa = PBXProject;
			attributes = {
				BuildIndependentTargetsInParallel = 1;
				LastSwiftUpdateCheck = 1430;
				LastUpgradeCheck = 1430;
				TargetAttributes = {
					D679F8072AC11D380040E51B = {
						CreatedOnToolsVersion = 14.3.1;
					};
				};
			};
			buildConfigurationList = D679F8032AC11D380040E51B /* Build configuration list for PBXProject "Alarm_App" */;
			compatibilityVersion = "Xcode 14.0";
			developmentRegion = en;
			hasScannedForEncodings = 0;
			knownRegions = (
				en,
				Base,
			);
			mainGroup = D679F7FF2AC11D380040E51B;
			productRefGroup = D679F8092AC11D380040E51B /* Products */;
			projectDirPath = "";
			projectRoot = "";
			targets = (
				D679F8072AC11D380040E51B /* Alarm_App */,
			);
		};
/* End PBXProject section */

/* Begin PBXResourcesBuildPhase section */
		D679F8062AC11D380040E51B /* Resources */ = {
			isa = PBXResourcesBuildPhase;
			buildActionMask = 2147483647;
			files = (
				D679F8182AC11D3A0040E51B /* LaunchScreen.storyboard in Resources */,
				07A288842ACD1A82006B8E71 /* 프레스토.mp3 in Resources */,
				07A288822ACD1989006B8E71 /* 도입음.mp3 in Resources */,
				07A2887E2ACD0BB4006B8E71 /* 전파탐지기.mp3 in Resources */,
				D679F8152AC11D3A0040E51B /* Assets.xcassets in Resources */,
				07A2887F2ACD0BB4006B8E71 /* Contents.json in Resources */,
			);
			runOnlyForDeploymentPostprocessing = 0;
		};
/* End PBXResourcesBuildPhase section */

/* Begin PBXSourcesBuildPhase section */
		D679F8042AC11D380040E51B /* Sources */ = {
			isa = PBXSourcesBuildPhase;
			buildActionMask = 2147483647;
			files = (
				07A288722AC5D593006B8E71 /* DualLabelButton.swift in Sources */,
				07A288702AC56912006B8E71 /* SoundSelectionViewController.swift in Sources */,
				D6AF47AC2AC120D700E5C813 /* TimerViewController.swift in Sources */,
				F174F4642AC131E7009AAAB7 /* WorldClock.swift in Sources */,
				D6AF47B22AC1211A00E5C813 /* WorldClockViewController.swift in Sources */,
				D6AF47B82AC122F400E5C813 /* CustomTabBarController.swift in Sources */,
				D6AF47A82AC120B800E5C813 /* AlarmViewController.swift in Sources */,
				D679F80C2AC11D380040E51B /* AppDelegate.swift in Sources */,
				07BAEBF42AC17F3B00FA420B /* TimerView.swift in Sources */,
				D6AF47AF2AC120FB00E5C813 /* StopWatchViewController.swift in Sources */,
				F174F4602AC131B9009AAAB7 /* StopWatch.swift in Sources */,
				F174F4622AC131D6009AAAB7 /* Alarm.swift in Sources */,
				D679F80E2AC11D380040E51B /* SceneDelegate.swift in Sources */,
				F174F45E2AC131A7009AAAB7 /* Timer.swift in Sources */,
			);
			runOnlyForDeploymentPostprocessing = 0;
		};
/* End PBXSourcesBuildPhase section */

/* Begin PBXVariantGroup section */
		D679F8162AC11D3A0040E51B /* LaunchScreen.storyboard */ = {
			isa = PBXVariantGroup;
			children = (
				D679F8172AC11D3A0040E51B /* Base */,
			);
			name = LaunchScreen.storyboard;
			sourceTree = "<group>";
		};
/* End PBXVariantGroup section */

/* Begin XCBuildConfiguration section */
		D679F81A2AC11D3A0040E51B /* Debug */ = {
			isa = XCBuildConfiguration;
			buildSettings = {
				ALWAYS_SEARCH_USER_PATHS = NO;
				CLANG_ANALYZER_NONNULL = YES;
				CLANG_ANALYZER_NUMBER_OBJECT_CONVERSION = YES_AGGRESSIVE;
				CLANG_CXX_LANGUAGE_STANDARD = "gnu++20";
				CLANG_ENABLE_MODULES = YES;
				CLANG_ENABLE_OBJC_ARC = YES;
				CLANG_ENABLE_OBJC_WEAK = YES;
				CLANG_WARN_BLOCK_CAPTURE_AUTORELEASING = YES;
				CLANG_WARN_BOOL_CONVERSION = YES;
				CLANG_WARN_COMMA = YES;
				CLANG_WARN_CONSTANT_CONVERSION = YES;
				CLANG_WARN_DEPRECATED_OBJC_IMPLEMENTATIONS = YES;
				CLANG_WARN_DIRECT_OBJC_ISA_USAGE = YES_ERROR;
				CLANG_WARN_DOCUMENTATION_COMMENTS = YES;
				CLANG_WARN_EMPTY_BODY = YES;
				CLANG_WARN_ENUM_CONVERSION = YES;
				CLANG_WARN_INFINITE_RECURSION = YES;
				CLANG_WARN_INT_CONVERSION = YES;
				CLANG_WARN_NON_LITERAL_NULL_CONVERSION = YES;
				CLANG_WARN_OBJC_IMPLICIT_RETAIN_SELF = YES;
				CLANG_WARN_OBJC_LITERAL_CONVERSION = YES;
				CLANG_WARN_OBJC_ROOT_CLASS = YES_ERROR;
				CLANG_WARN_QUOTED_INCLUDE_IN_FRAMEWORK_HEADER = YES;
				CLANG_WARN_RANGE_LOOP_ANALYSIS = YES;
				CLANG_WARN_STRICT_PROTOTYPES = YES;
				CLANG_WARN_SUSPICIOUS_MOVE = YES;
				CLANG_WARN_UNGUARDED_AVAILABILITY = YES_AGGRESSIVE;
				CLANG_WARN_UNREACHABLE_CODE = YES;
				CLANG_WARN__DUPLICATE_METHOD_MATCH = YES;
				COPY_PHASE_STRIP = NO;
				DEBUG_INFORMATION_FORMAT = dwarf;
				ENABLE_STRICT_OBJC_MSGSEND = YES;
				ENABLE_TESTABILITY = YES;
				GCC_C_LANGUAGE_STANDARD = gnu11;
				GCC_DYNAMIC_NO_PIC = NO;
				GCC_NO_COMMON_BLOCKS = YES;
				GCC_OPTIMIZATION_LEVEL = 0;
				GCC_PREPROCESSOR_DEFINITIONS = (
					"DEBUG=1",
					"$(inherited)",
				);
				GCC_WARN_64_TO_32_BIT_CONVERSION = YES;
				GCC_WARN_ABOUT_RETURN_TYPE = YES_ERROR;
				GCC_WARN_UNDECLARED_SELECTOR = YES;
				GCC_WARN_UNINITIALIZED_AUTOS = YES_AGGRESSIVE;
				GCC_WARN_UNUSED_FUNCTION = YES;
				GCC_WARN_UNUSED_VARIABLE = YES;
				IPHONEOS_DEPLOYMENT_TARGET = 16.4;
				MTL_ENABLE_DEBUG_INFO = INCLUDE_SOURCE;
				MTL_FAST_MATH = YES;
				ONLY_ACTIVE_ARCH = YES;
				SDKROOT = iphoneos;
				SWIFT_ACTIVE_COMPILATION_CONDITIONS = DEBUG;
				SWIFT_OPTIMIZATION_LEVEL = "-Onone";
			};
			name = Debug;
		};
		D679F81B2AC11D3A0040E51B /* Release */ = {
			isa = XCBuildConfiguration;
			buildSettings = {
				ALWAYS_SEARCH_USER_PATHS = NO;
				CLANG_ANALYZER_NONNULL = YES;
				CLANG_ANALYZER_NUMBER_OBJECT_CONVERSION = YES_AGGRESSIVE;
				CLANG_CXX_LANGUAGE_STANDARD = "gnu++20";
				CLANG_ENABLE_MODULES = YES;
				CLANG_ENABLE_OBJC_ARC = YES;
				CLANG_ENABLE_OBJC_WEAK = YES;
				CLANG_WARN_BLOCK_CAPTURE_AUTORELEASING = YES;
				CLANG_WARN_BOOL_CONVERSION = YES;
				CLANG_WARN_COMMA = YES;
				CLANG_WARN_CONSTANT_CONVERSION = YES;
				CLANG_WARN_DEPRECATED_OBJC_IMPLEMENTATIONS = YES;
				CLANG_WARN_DIRECT_OBJC_ISA_USAGE = YES_ERROR;
				CLANG_WARN_DOCUMENTATION_COMMENTS = YES;
				CLANG_WARN_EMPTY_BODY = YES;
				CLANG_WARN_ENUM_CONVERSION = YES;
				CLANG_WARN_INFINITE_RECURSION = YES;
				CLANG_WARN_INT_CONVERSION = YES;
				CLANG_WARN_NON_LITERAL_NULL_CONVERSION = YES;
				CLANG_WARN_OBJC_IMPLICIT_RETAIN_SELF = YES;
				CLANG_WARN_OBJC_LITERAL_CONVERSION = YES;
				CLANG_WARN_OBJC_ROOT_CLASS = YES_ERROR;
				CLANG_WARN_QUOTED_INCLUDE_IN_FRAMEWORK_HEADER = YES;
				CLANG_WARN_RANGE_LOOP_ANALYSIS = YES;
				CLANG_WARN_STRICT_PROTOTYPES = YES;
				CLANG_WARN_SUSPICIOUS_MOVE = YES;
				CLANG_WARN_UNGUARDED_AVAILABILITY = YES_AGGRESSIVE;
				CLANG_WARN_UNREACHABLE_CODE = YES;
				CLANG_WARN__DUPLICATE_METHOD_MATCH = YES;
				COPY_PHASE_STRIP = NO;
				DEBUG_INFORMATION_FORMAT = "dwarf-with-dsym";
				ENABLE_NS_ASSERTIONS = NO;
				ENABLE_STRICT_OBJC_MSGSEND = YES;
				GCC_C_LANGUAGE_STANDARD = gnu11;
				GCC_NO_COMMON_BLOCKS = YES;
				GCC_WARN_64_TO_32_BIT_CONVERSION = YES;
				GCC_WARN_ABOUT_RETURN_TYPE = YES_ERROR;
				GCC_WARN_UNDECLARED_SELECTOR = YES;
				GCC_WARN_UNINITIALIZED_AUTOS = YES_AGGRESSIVE;
				GCC_WARN_UNUSED_FUNCTION = YES;
				GCC_WARN_UNUSED_VARIABLE = YES;
				IPHONEOS_DEPLOYMENT_TARGET = 16.4;
				MTL_ENABLE_DEBUG_INFO = NO;
				MTL_FAST_MATH = YES;
				SDKROOT = iphoneos;
				SWIFT_COMPILATION_MODE = wholemodule;
				SWIFT_OPTIMIZATION_LEVEL = "-O";
				VALIDATE_PRODUCT = YES;
			};
			name = Release;
		};
		D679F81D2AC11D3A0040E51B /* Debug */ = {
			isa = XCBuildConfiguration;
			buildSettings = {
				ASSETCATALOG_COMPILER_APPICON_NAME = AppIcon;
				ASSETCATALOG_COMPILER_GLOBAL_ACCENT_COLOR_NAME = AccentColor;
				CODE_SIGN_STYLE = Automatic;
				CURRENT_PROJECT_VERSION = 1;
				GENERATE_INFOPLIST_FILE = YES;
				INFOPLIST_FILE = Alarm_App/Info.plist;
				INFOPLIST_KEY_UIApplicationSupportsIndirectInputEvents = YES;
				INFOPLIST_KEY_UILaunchStoryboardName = LaunchScreen;
				INFOPLIST_KEY_UISupportedInterfaceOrientations_iPad = "UIInterfaceOrientationPortrait UIInterfaceOrientationPortraitUpsideDown UIInterfaceOrientationLandscapeLeft UIInterfaceOrientationLandscapeRight";
				INFOPLIST_KEY_UISupportedInterfaceOrientations_iPhone = "UIInterfaceOrientationPortrait UIInterfaceOrientationLandscapeLeft UIInterfaceOrientationLandscapeRight";
				LD_RUNPATH_SEARCH_PATHS = (
					"$(inherited)",
					"@executable_path/Frameworks",
				);
				MARKETING_VERSION = 1.0;
				PRODUCT_BUNDLE_IDENTIFIER = "com.hyeok.Alarm-App";
				PRODUCT_NAME = "$(TARGET_NAME)";
				SWIFT_EMIT_LOC_STRINGS = YES;
				SWIFT_VERSION = 5.0;
				TARGETED_DEVICE_FAMILY = "1,2";
			};
			name = Debug;
		};
		D679F81E2AC11D3A0040E51B /* Release */ = {
			isa = XCBuildConfiguration;
			buildSettings = {
				ASSETCATALOG_COMPILER_APPICON_NAME = AppIcon;
				ASSETCATALOG_COMPILER_GLOBAL_ACCENT_COLOR_NAME = AccentColor;
				CODE_SIGN_STYLE = Automatic;
				CURRENT_PROJECT_VERSION = 1;
				GENERATE_INFOPLIST_FILE = YES;
				INFOPLIST_FILE = Alarm_App/Info.plist;
				INFOPLIST_KEY_UIApplicationSupportsIndirectInputEvents = YES;
				INFOPLIST_KEY_UILaunchStoryboardName = LaunchScreen;
				INFOPLIST_KEY_UISupportedInterfaceOrientations_iPad = "UIInterfaceOrientationPortrait UIInterfaceOrientationPortraitUpsideDown UIInterfaceOrientationLandscapeLeft UIInterfaceOrientationLandscapeRight";
				INFOPLIST_KEY_UISupportedInterfaceOrientations_iPhone = "UIInterfaceOrientationPortrait UIInterfaceOrientationLandscapeLeft UIInterfaceOrientationLandscapeRight";
				LD_RUNPATH_SEARCH_PATHS = (
					"$(inherited)",
					"@executable_path/Frameworks",
				);
				MARKETING_VERSION = 1.0;
				PRODUCT_BUNDLE_IDENTIFIER = "com.hyeok.Alarm-App";
				PRODUCT_NAME = "$(TARGET_NAME)";
				SWIFT_EMIT_LOC_STRINGS = YES;
				SWIFT_VERSION = 5.0;
				TARGETED_DEVICE_FAMILY = "1,2";
			};
			name = Release;
		};
/* End XCBuildConfiguration section */

/* Begin XCConfigurationList section */
		D679F8032AC11D380040E51B /* Build configuration list for PBXProject "Alarm_App" */ = {
			isa = XCConfigurationList;
			buildConfigurations = (
				D679F81A2AC11D3A0040E51B /* Debug */,
				D679F81B2AC11D3A0040E51B /* Release */,
			);
			defaultConfigurationIsVisible = 0;
			defaultConfigurationName = Release;
		};
		D679F81C2AC11D3A0040E51B /* Build configuration list for PBXNativeTarget "Alarm_App" */ = {
			isa = XCConfigurationList;
			buildConfigurations = (
				D679F81D2AC11D3A0040E51B /* Debug */,
				D679F81E2AC11D3A0040E51B /* Release */,
			);
			defaultConfigurationIsVisible = 0;
			defaultConfigurationName = Release;
		};
/* End XCConfigurationList section */
	};
	rootObject = D679F8002AC11D380040E51B /* Project object */;
}
